
Microsoft Visual Studio Solution File, Format Version 12.00
# Visual Studio 15
VisualStudioVersion = 15.0.28306.52
MinimumVisualStudioVersion = 10.0.40219.1
Project("{FAE04EC0-301F-11D3-BF4B-00C04F79EFBC}") = "NHibernateDemoApp.Data", "NHibernateDemoApp.Data\NHibernateDemoApp.Data.csproj", "{6F00AF1F-92CE-4467-94B2-328EDCF49F6A}"
EndProject
Project("{FAE04EC0-301F-11D3-BF4B-00C04F79EFBC}") = "NHibernateDemoApp.UI", "NHibernateDemoApp.UI\NHibernateDemoApp.UI.csproj", "{D1D170D9-79E8-4DEF-B55E-6125CDFF144D}"
EndProject
Global
	GlobalSection(SolutionConfigurationPlatforms) = preSolution
		Debug|Any CPU = Debug|Any CPU
		Release|Any CPU = Release|Any CPU
	EndGlobalSection
	GlobalSection(ProjectConfigurationPlatforms) = postSolution
		{6F00AF1F-92CE-4467-94B2-328EDCF49F6A}.Debug|Any CPU.ActiveCfg = Debug|Any CPU
		{6F00AF1F-92CE-4467-94B2-328EDCF49F6A}.Debug|Any CPU.Build.0 = Debug|Any CPU
		{6F00AF1F-92CE-4467-94B2-328EDCF49F6A}.Release|Any CPU.ActiveCfg = Release|Any CPU
		{6F00AF1F-92CE-4467-94B2-328EDCF49F6A}.Release|Any CPU.Build.0 = Release|Any CPU
		{D1D170D9-79E8-4DEF-B55E-6125CDFF144D}.Debug|Any CPU.ActiveCfg = Debug|Any CPU
		{D1D170D9-79E8-4DEF-B55E-6125CDFF144D}.Debug|Any CPU.Build.0 = Debug|Any CPU
		{D1D170D9-79E8-4DEF-B55E-6125CDFF144D}.Release|Any CPU.ActiveCfg = Release|Any CPU
		{D1D170D9-79E8-4DEF-B55E-6125CDFF144D}.Release|Any CPU.Build.0 = Release|Any CPU
	EndGlobalSection
	GlobalSection(SolutionProperties) = preSolution
		HideSolutionNode = FALSE
	EndGlobalSection
	GlobalSection(ExtensibilityGlobals) = postSolution
		SolutionGuid = {BCC333BB-1413-4FEB-9B45-75B11C6D9DD2}
	EndGlobalSection
EndGlobal
